
Microsoft Visual Studio Solution File, Format Version 12.00
# Visual Studio Version 16
VisualStudioVersion = 16.0.31624.102
MinimumVisualStudioVersion = 10.0.40219.1
Project("{8BC9CEB8-8B4A-11D0-8D11-00A0C91BC942}") = "自定义数据类型—结构体1", "自定义数据类型—结构体1.vcxproj", "{5C3530EC-78EB-4EE0-B800-F40DD3E8ABEB}"
EndProject
Global
	GlobalSection(SolutionConfigurationPlatforms) = preSolution
		Debug|x64 = Debug|x64
		Debug|x86 = Debug|x86
		Release|x64 = Release|x64
		Release|x86 = Release|x86
	EndGlobalSection
	GlobalSection(ProjectConfigurationPlatforms) = postSolution
		{5C3530EC-78EB-4EE0-B800-F40DD3E8ABEB}.Debug|x64.ActiveCfg = Debug|x64
		{5C3530EC-78EB-4EE0-B800-F40DD3E8ABEB}.Debug|x64.Build.0 = Debug|x64
		{5C3530EC-78EB-4EE0-B800-F40DD3E8ABEB}.Debug|x86.ActiveCfg = Debug|Win32
		{5C3530EC-78EB-4EE0-B800-F40DD3E8ABEB}.Debug|x86.Build.0 = Debug|Win32
		{5C3530EC-78EB-4EE0-B800-F40DD3E8ABEB}.Release|x64.ActiveCfg = Release|x64
		{5C3530EC-78EB-4EE0-B800-F40DD3E8ABEB}.Release|x64.Build.0 = Release|x64
		{5C3530EC-78EB-4EE0-B800-F40DD3E8ABEB}.Release|x86.ActiveCfg = Release|Win32
		{5C3530EC-78EB-4EE0-B800-F40DD3E8ABEB}.Release|x86.Build.0 = Release|Win32
	EndGlobalSection
	GlobalSection(SolutionProperties) = preSolution
		HideSolutionNode = FALSE
	EndGlobalSection
	GlobalSection(ExtensibilityGlobals) = postSolution
		SolutionGuid = {BDE2C952-EE33-4888-83D6-65D32F42C191}
	EndGlobalSection
EndGlobal
