
Microsoft Visual Studio Solution File, Format Version 12.00
# Visual Studio Version 16
VisualStudioVersion = 16.0.31624.102
MinimumVisualStudioVersion = 10.0.40219.1
Project("{8BC9CEB8-8B4A-11D0-8D11-00A0C91BC942}") = "strstr函数：查找字符串", "strstr函数：查找字符串.vcxproj", "{CFD75F86-5423-44A6-8CF9-1592F1791A0E}"
EndProject
Global
	GlobalSection(SolutionConfigurationPlatforms) = preSolution
		Debug|x64 = Debug|x64
		Debug|x86 = Debug|x86
		Release|x64 = Release|x64
		Release|x86 = Release|x86
	EndGlobalSection
	GlobalSection(ProjectConfigurationPlatforms) = postSolution
		{CFD75F86-5423-44A6-8CF9-1592F1791A0E}.Debug|x64.ActiveCfg = Debug|x64
		{CFD75F86-5423-44A6-8CF9-1592F1791A0E}.Debug|x64.Build.0 = Debug|x64
		{CFD75F86-5423-44A6-8CF9-1592F1791A0E}.Debug|x86.ActiveCfg = Debug|Win32
		{CFD75F86-5423-44A6-8CF9-1592F1791A0E}.Debug|x86.Build.0 = Debug|Win32
		{CFD75F86-5423-44A6-8CF9-1592F1791A0E}.Release|x64.ActiveCfg = Release|x64
		{CFD75F86-5423-44A6-8CF9-1592F1791A0E}.Release|x64.Build.0 = Release|x64
		{CFD75F86-5423-44A6-8CF9-1592F1791A0E}.Release|x86.ActiveCfg = Release|Win32
		{CFD75F86-5423-44A6-8CF9-1592F1791A0E}.Release|x86.Build.0 = Release|Win32
	EndGlobalSection
	GlobalSection(SolutionProperties) = preSolution
		HideSolutionNode = FALSE
	EndGlobalSection
	GlobalSection(ExtensibilityGlobals) = postSolution
		SolutionGuid = {83BD1E7A-CB28-4211-90EE-02ACB2D6355C}
	EndGlobalSection
EndGlobal
