
Microsoft Visual Studio Solution File, Format Version 12.00
# Visual Studio Version 16
VisualStudioVersion = 16.0.31624.102
MinimumVisualStudioVersion = 10.0.40219.1
Project("{8BC9CEB8-8B4A-11D0-8D11-00A0C91BC942}") = "文件版通讯录", "文件版通讯录.vcxproj", "{21946B44-822C-476A-86A1-41C20509BEFA}"
EndProject
Global
	GlobalSection(SolutionConfigurationPlatforms) = preSolution
		Debug|x64 = Debug|x64
		Debug|x86 = Debug|x86
		Release|x64 = Release|x64
		Release|x86 = Release|x86
	EndGlobalSection
	GlobalSection(ProjectConfigurationPlatforms) = postSolution
		{21946B44-822C-476A-86A1-41C20509BEFA}.Debug|x64.ActiveCfg = Debug|x64
		{21946B44-822C-476A-86A1-41C20509BEFA}.Debug|x64.Build.0 = Debug|x64
		{21946B44-822C-476A-86A1-41C20509BEFA}.Debug|x86.ActiveCfg = Debug|Win32
		{21946B44-822C-476A-86A1-41C20509BEFA}.Debug|x86.Build.0 = Debug|Win32
		{21946B44-822C-476A-86A1-41C20509BEFA}.Release|x64.ActiveCfg = Release|x64
		{21946B44-822C-476A-86A1-41C20509BEFA}.Release|x64.Build.0 = Release|x64
		{21946B44-822C-476A-86A1-41C20509BEFA}.Release|x86.ActiveCfg = Release|Win32
		{21946B44-822C-476A-86A1-41C20509BEFA}.Release|x86.Build.0 = Release|Win32
	EndGlobalSection
	GlobalSection(SolutionProperties) = preSolution
		HideSolutionNode = FALSE
	EndGlobalSection
	GlobalSection(ExtensibilityGlobals) = postSolution
		SolutionGuid = {7F1BE07C-ABF3-416C-A365-C0D8FF818B1D}
	EndGlobalSection
EndGlobal
