
Microsoft Visual Studio Solution File, Format Version 12.00
# Visual Studio Version 16
VisualStudioVersion = 16.0.31624.102
MinimumVisualStudioVersion = 10.0.40219.1
Project("{8BC9CEB8-8B4A-11D0-8D11-00A0C91BC942}") = "作业1", "作业1.vcxproj", "{122105CC-8C95-4862-A688-66206EB2EDF3}"
EndProject
Global
	GlobalSection(SolutionConfigurationPlatforms) = preSolution
		Debug|x64 = Debug|x64
		Debug|x86 = Debug|x86
		Release|x64 = Release|x64
		Release|x86 = Release|x86
	EndGlobalSection
	GlobalSection(ProjectConfigurationPlatforms) = postSolution
		{122105CC-8C95-4862-A688-66206EB2EDF3}.Debug|x64.ActiveCfg = Debug|x64
		{122105CC-8C95-4862-A688-66206EB2EDF3}.Debug|x64.Build.0 = Debug|x64
		{122105CC-8C95-4862-A688-66206EB2EDF3}.Debug|x86.ActiveCfg = Debug|Win32
		{122105CC-8C95-4862-A688-66206EB2EDF3}.Debug|x86.Build.0 = Debug|Win32
		{122105CC-8C95-4862-A688-66206EB2EDF3}.Release|x64.ActiveCfg = Release|x64
		{122105CC-8C95-4862-A688-66206EB2EDF3}.Release|x64.Build.0 = Release|x64
		{122105CC-8C95-4862-A688-66206EB2EDF3}.Release|x86.ActiveCfg = Release|Win32
		{122105CC-8C95-4862-A688-66206EB2EDF3}.Release|x86.Build.0 = Release|Win32
	EndGlobalSection
	GlobalSection(SolutionProperties) = preSolution
		HideSolutionNode = FALSE
	EndGlobalSection
	GlobalSection(ExtensibilityGlobals) = postSolution
		SolutionGuid = {B0894384-B3C6-46BA-81D7-36E6C7F7BCD4}
	EndGlobalSection
EndGlobal
