
Microsoft Visual Studio Solution File, Format Version 12.00
# Visual Studio Version 16
VisualStudioVersion = 16.0.31624.102
MinimumVisualStudioVersion = 10.0.40219.1
Project("{8BC9CEB8-8B4A-11D0-8D11-00A0C91BC942}") = "柔性数组", "柔性数组.vcxproj", "{D256E642-F842-4E4E-AD9C-87036F02A5B4}"
EndProject
Global
	GlobalSection(SolutionConfigurationPlatforms) = preSolution
		Debug|x64 = Debug|x64
		Debug|x86 = Debug|x86
		Release|x64 = Release|x64
		Release|x86 = Release|x86
	EndGlobalSection
	GlobalSection(ProjectConfigurationPlatforms) = postSolution
		{D256E642-F842-4E4E-AD9C-87036F02A5B4}.Debug|x64.ActiveCfg = Debug|x64
		{D256E642-F842-4E4E-AD9C-87036F02A5B4}.Debug|x64.Build.0 = Debug|x64
		{D256E642-F842-4E4E-AD9C-87036F02A5B4}.Debug|x86.ActiveCfg = Debug|Win32
		{D256E642-F842-4E4E-AD9C-87036F02A5B4}.Debug|x86.Build.0 = Debug|Win32
		{D256E642-F842-4E4E-AD9C-87036F02A5B4}.Release|x64.ActiveCfg = Release|x64
		{D256E642-F842-4E4E-AD9C-87036F02A5B4}.Release|x64.Build.0 = Release|x64
		{D256E642-F842-4E4E-AD9C-87036F02A5B4}.Release|x86.ActiveCfg = Release|Win32
		{D256E642-F842-4E4E-AD9C-87036F02A5B4}.Release|x86.Build.0 = Release|Win32
	EndGlobalSection
	GlobalSection(SolutionProperties) = preSolution
		HideSolutionNode = FALSE
	EndGlobalSection
	GlobalSection(ExtensibilityGlobals) = postSolution
		SolutionGuid = {C891DEEE-6FF7-4020-9221-6A5B6C2EBF71}
	EndGlobalSection
EndGlobal
