
Microsoft Visual Studio Solution File, Format Version 12.00
# Visual Studio Version 16
VisualStudioVersion = 16.0.31624.102
MinimumVisualStudioVersion = 10.0.40219.1
Project("{8BC9CEB8-8B4A-11D0-8D11-00A0C91BC942}") = "函数", "函数.vcxproj", "{F8BD7F08-7FA8-4AC4-9D4F-BA7153732ECF}"
EndProject
Global
	GlobalSection(SolutionConfigurationPlatforms) = preSolution
		Debug|x64 = Debug|x64
		Debug|x86 = Debug|x86
		Release|x64 = Release|x64
		Release|x86 = Release|x86
	EndGlobalSection
	GlobalSection(ProjectConfigurationPlatforms) = postSolution
		{F8BD7F08-7FA8-4AC4-9D4F-BA7153732ECF}.Debug|x64.ActiveCfg = Debug|x64
		{F8BD7F08-7FA8-4AC4-9D4F-BA7153732ECF}.Debug|x64.Build.0 = Debug|x64
		{F8BD7F08-7FA8-4AC4-9D4F-BA7153732ECF}.Debug|x86.ActiveCfg = Debug|Win32
		{F8BD7F08-7FA8-4AC4-9D4F-BA7153732ECF}.Debug|x86.Build.0 = Debug|Win32
		{F8BD7F08-7FA8-4AC4-9D4F-BA7153732ECF}.Release|x64.ActiveCfg = Release|x64
		{F8BD7F08-7FA8-4AC4-9D4F-BA7153732ECF}.Release|x64.Build.0 = Release|x64
		{F8BD7F08-7FA8-4AC4-9D4F-BA7153732ECF}.Release|x86.ActiveCfg = Release|Win32
		{F8BD7F08-7FA8-4AC4-9D4F-BA7153732ECF}.Release|x86.Build.0 = Release|Win32
	EndGlobalSection
	GlobalSection(SolutionProperties) = preSolution
		HideSolutionNode = FALSE
	EndGlobalSection
	GlobalSection(ExtensibilityGlobals) = postSolution
		SolutionGuid = {30BB4596-B915-4F17-9552-727BC57292E7}
	EndGlobalSection
EndGlobal
